
Microsoft Visual Studio Solution File, Format Version 12.00
# Visual Studio Version 16
VisualStudioVersion = 16.0.28922.388
MinimumVisualStudioVersion = 10.0.40219.1
Project("{8BC9CEB8-8B4A-11D0-8D11-00A0C91BC942}") = "ConsoleApplication1", "ConsoleApplication1\ConsoleApplication1.vcxproj", "{069C6293-AFB6-4841-9454-2BFC59B13124}"
EndProject
Global
	GlobalSection(SolutionConfigurationPlatforms) = preSolution
		Debug|x64 = Debug|x64
		Debug|x86 = Debug|x86
		Release|x64 = Release|x64
		Release|x86 = Release|x86
	EndGlobalSection
	GlobalSection(ProjectConfigurationPlatforms) = postSolution
		{069C6293-AFB6-4841-9454-2BFC59B13124}.Debug|x64.ActiveCfg = Debug|x64
		{069C6293-AFB6-4841-9454-2BFC59B13124}.Debug|x64.Build.0 = Debug|x64
		{069C6293-AFB6-4841-9454-2BFC59B13124}.Debug|x86.ActiveCfg = Debug|Win32
		{069C6293-AFB6-4841-9454-2BFC59B13124}.Debug|x86.Build.0 = Debug|Win32
		{069C6293-AFB6-4841-9454-2BFC59B13124}.Release|x64.ActiveCfg = Release|x64
		{069C6293-AFB6-4841-9454-2BFC59B13124}.Release|x64.Build.0 = Release|x64
		{069C6293-AFB6-4841-9454-2BFC59B13124}.Release|x86.ActiveCfg = Release|Win32
		{069C6293-AFB6-4841-9454-2BFC59B13124}.Release|x86.Build.0 = Release|Win32
	EndGlobalSection
	GlobalSection(SolutionProperties) = preSolution
		HideSolutionNode = FALSE
	EndGlobalSection
	GlobalSection(ExtensibilityGlobals) = postSolution
		SolutionGuid = {84434259-C5BA-457C-8999-2C4BCF6691D8}
	EndGlobalSection
EndGlobal
